<Solution>
  <Folder Name="/dotnet/">
    <Project Path="dotnet/XpZ12013.Sdk.DependencyInjection/XpZ12013.Sdk.DependencyInjection.csproj" />
    <Project Path="dotnet/XpZ12013.Sdk/XpZ12013.Sdk.csproj" />
  </Folder>
  <Folder Name="/examples/">
    <Project Path="examples/XpZ12013.Sdk.Examples/XpZ12013.Sdk.Examples.csproj" />
  </Folder>
  <Folder Name="/tests/">
    <Project Path="tests/XpZ12013.Sdk.Tests/XpZ12013.Sdk.Tests.csproj" />
  </Folder>
</Solution>
